// !$*UTF8*$!
{
	archiveVersion = 1;
	classes = {
	};
	objectVersion = 46;
	objects = {

/* Begin PBXBuildFile section */
		425744F71C8950EE00BDB1DC /* AppDelegate.swift in Sources */ = {isa = PBXBuildFile; fileRef = 425744F61C8950EE00BDB1DC /* AppDelegate.swift */; };
		425744F91C8950EE00BDB1DC /* ViewController.swift in Sources */ = {isa = PBXBuildFile; fileRef = 425744F81C8950EE00BDB1DC /* ViewController.swift */; };
		425744FC1C8950EE00BDB1DC /* Main.storyboard in Resources */ = {isa = PBXBuildFile; fileRef = 425744FA1C8950EE00BDB1DC /* Main.storyboard */; };
		425744FE1C8950EE00BDB1DC /* Assets.xcassets in Resources */ = {isa = PBXBuildFile; fileRef = 425744FD1C8950EE00BDB1DC /* Assets.xcassets */; };
		425745011C8950EF00BDB1DC /* LaunchScreen.storyboard in Resources */ = {isa = PBXBuildFile; fileRef = 425744FF1C8950EF00BDB1DC /* LaunchScreen.storyboard */; };
/* End PBXBuildFile section */

/* Begin PBXFileReference section */
		425744F31C8950EE00BDB1DC /* UITableViewExperiments.app */ = {isa = PBXFileReference; explicitFileType = wrapper.application; includeInIndex = 0; path = UITableViewExperiments.app; sourceTree = BUILT_PRODUCTS_DIR; };
		425744F61C8950EE00BDB1DC /* AppDelegate.swift */ = {isa = PBXFileReference; lastKnownFileType = sourcecode.swift; path = AppDelegate.swift; sourceTree = "<group>"; };
		425744F81C8950EE00BDB1DC /* ViewController.swift */ = {isa = PBXFileReference; lastKnownFileType = sourcecode.swift; path = ViewController.swift; sourceTree = "<group>"; };
		425744FB1C8950EE00BDB1DC /* Base */ = {isa = PBXFileReference; lastKnownFileType = file.storyboard; name = Base; path = Base.lproj/Main.storyboard; sourceTree = "<group>"; };
		425744FD1C8950EE00BDB1DC /* Assets.xcassets */ = {isa = PBXFileReference; lastKnownFileType = folder.assetcatalog; path = Assets.xcassets; sourceTree = "<group>"; };
		425745001C8950EF00BDB1DC /* Base */ = {isa = PBXFileReference; lastKnownFileType = file.storyboard; name = Base; path = Base.lproj/LaunchScreen.storyboard; sourceTree = "<group>"; };
		425745021C8950EF00BDB1DC /* Info.plist */ = {isa = PBXFileReference; lastKnownFileType = text.plist.xml; path = Info.plist; sourceTree = "<group>"; };
/* End PBXFileReference section */

/* Begin PBXFrameworksBuildPhase section */
		425744F01C8950EE00BDB1DC /* Frameworks */ = {
			isa = PBXFrameworksBuildPhase;
			buildActionMask = 2147483647;
			files = (
			);
			runOnlyForDeploymentPostprocessing = 0;
		};
/* End PBXFrameworksBuildPhase section */

/* Begin PBXGroup section */
		425744EA1C8950EE00BDB1DC = {
			isa = PBXGroup;
			children = (
				425744F51C8950EE00BDB1DC /* UITableViewExperiments */,
				425744F41C8950EE00BDB1DC /* Products */,
			);
			sourceTree = "<group>";
		};
		425744F41C8950EE00BDB1DC /* Products */ = {
			isa = PBXGroup;
			children = (
				425744F31C8950EE00BDB1DC /* UITableViewExperiments.app */,
			);
			name = Products;
			sourceTree = "<group>";
		};
		425744F51C8950EE00BDB1DC /* UITableViewExperiments */ = {
			isa = PBXGroup;
			children = (
				425744F61C8950EE00BDB1DC /* AppDelegate.swift */,
				425744F81C8950EE00BDB1DC /* ViewController.swift */,
				425744FA1C8950EE00BDB1DC /* Main.storyboard */,
				425744FD1C8950EE00BDB1DC /* Assets.xcassets */,
				425744FF1C8950EF00BDB1DC /* LaunchScreen.storyboard */,
				425745021C8950EF00BDB1DC /* Info.plist */,
			);
			path = UITableViewExperiments;
			sourceTree = "<group>";
		};
/* End PBXGroup section */

/* Begin PBXNativeTarget section */
		425744F21C8950EE00BDB1DC /* UITableViewExperiments */ = {
			isa = PBXNativeTarget;
			buildConfigurationList = 425745051C8950EF00BDB1DC /* Build configuration list for PBXNativeTarget "UITableViewExperiments" */;
			buildPhases = (
				425744EF1C8950EE00BDB1DC /* Sources */,
				425744F01C8950EE00BDB1DC /* Frameworks */,
				425744F11C8950EE00BDB1DC /* Resources */,
			);
			buildRules = (
			);
			dependencies = (
			);
			name = UITableViewExperiments;
			productName = UITableViewExperiments;
			productReference = 425744F31C8950EE00BDB1DC /* UITableViewExperiments.app */;
			productType = "com.apple.product-type.application";
		};
/* End PBXNativeTarget section */

/* Begin PBXProject section */
		425744EB1C8950EE00BDB1DC /* Project object */ = {
			isa = PBXProject;
			attributes = {
				LastSwiftUpdateCheck = 0730;
				LastUpgradeCheck = 0730;
				ORGANIZATIONNAME = "Emptiness Software";
				TargetAttributes = {
					425744F21C8950EE00BDB1DC = {
						CreatedOnToolsVersion = 7.3;
					};
				};
			};
			buildConfigurationList = 425744EE1C8950EE00BDB1DC /* Build configuration list for PBXProject "UITableViewExperiments" */;
			compatibilityVersion = "Xcode 3.2";
			developmentRegion = English;
			hasScannedForEncodings = 0;
			knownRegions = (
				en,
				Base,
			);
			mainGroup = 425744EA1C8950EE00BDB1DC;
			productRefGroup = 425744F41C8950EE00BDB1DC /* Products */;
			projectDirPath = "";
			projectRoot = "";
			targets = (
				425744F21C8950EE00BDB1DC /* UITableViewExperiments */,
			);
		};
/* End PBXProject section */

/* Begin PBXResourcesBuildPhase section */
		425744F11C8950EE00BDB1DC /* Resources */ = {
			isa = PBXResourcesBuildPhase;
			buildActionMask = 2147483647;
			files = (
				425745011C8950EF00BDB1DC /* LaunchScreen.storyboard in Resources */,
				425744FE1C8950EE00BDB1DC /* Assets.xcassets in Resources */,
				425744FC1C8950EE00BDB1DC /* Main.storyboard in Resources */,
			);
			runOnlyForDeploymentPostprocessing = 0;
		};
/* End PBXResourcesBuildPhase section */

/* Begin PBXSourcesBuildPhase section */
		425744EF1C8950EE00BDB1DC /* Sources */ = {
			isa = PBXSourcesBuildPhase;
			buildActionMask = 2147483647;
			files = (
				425744F91C8950EE00BDB1DC /* ViewController.swift in Sources */,
				425744F71C8950EE00BDB1DC /* AppDelegate.swift in Sources */,
			);
			runOnlyForDeploymentPostprocessing = 0;
		};
/* End PBXSourcesBuildPhase section */

/* Begin PBXVariantGroup section */
		425744FA1C8950EE00BDB1DC /* Main.storyboard */ = {
			isa = PBXVariantGroup;
			children = (
				425744FB1C8950EE00BDB1DC /* Base */,
			);
			name = Main.storyboard;
			sourceTree = "<group>";
		};
		425744FF1C8950EF00BDB1DC /* LaunchScreen.storyboard */ = {
			isa = PBXVariantGroup;
			children = (
				425745001C8950EF00BDB1DC /* Base */,
			);
			name = LaunchScreen.storyboard;
			sourceTree = "<group>";
		};
/* End PBXVariantGroup section */

/* Begin XCBuildConfiguration section */
		425745031C8950EF00BDB1DC /* Debug */ = {
			isa = XCBuildConfiguration;
			buildSettings = {
				ALWAYS_SEARCH_USER_PATHS = NO;
				CLANG_ANALYZER_NONNULL = YES;
				CLANG_CXX_LANGUAGE_STANDARD = "gnu++0x";
				CLANG_CXX_LIBRARY = "libc++";
				CLANG_ENABLE_MODULES = YES;
				CLANG_ENABLE_OBJC_ARC = YES;
				CLANG_WARN_BOOL_CONVERSION = YES;
				CLANG_WARN_CONSTANT_CONVERSION = YES;
				CLANG_WARN_DIRECT_OBJC_ISA_USAGE = YES_ERROR;
				CLANG_WARN_EMPTY_BODY = YES;
				CLANG_WARN_ENUM_CONVERSION = YES;
				CLANG_WARN_INT_CONVERSION = YES;
				CLANG_WARN_OBJC_ROOT_CLASS = YES_ERROR;
				CLANG_WARN_UNREACHABLE_CODE = YES;
				CLANG_WARN__DUPLICATE_METHOD_MATCH = YES;
				"CODE_SIGN_IDENTITY[sdk=iphoneos*]" = "iPhone Developer";
				COPY_PHASE_STRIP = NO;
				DEBUG_INFORMATION_FORMAT = dwarf;
				ENABLE_STRICT_OBJC_MSGSEND = YES;
				ENABLE_TESTABILITY = YES;
				GCC_C_LANGUAGE_STANDARD = gnu99;
				GCC_DYNAMIC_NO_PIC = NO;
				GCC_NO_COMMON_BLOCKS = YES;
				GCC_OPTIMIZATION_LEVEL = 0;
				GCC_PREPROCESSOR_DEFINITIONS = (
					"DEBUG=1",
					"$(inherited)",
				);
				GCC_WARN_64_TO_32_BIT_CONVERSION = YES;
				GCC_WARN_ABOUT_RETURN_TYPE = YES_ERROR;
				GCC_WARN_UNDECLARED_SELECTOR = YES;
				GCC_WARN_UNINITIALIZED_AUTOS = YES_AGGRESSIVE;
				GCC_WARN_UNUSED_FUNCTION = YES;
				GCC_WARN_UNUSED_VARIABLE = YES;
				IPHONEOS_DEPLOYMENT_TARGET = 9.3;
				MTL_ENABLE_DEBUG_INFO = YES;
				ONLY_ACTIVE_ARCH = YES;
				SDKROOT = iphoneos;
				SWIFT_OPTIMIZATION_LEVEL = "-Onone";
			};
			name = Debug;
		};
		425745041C8950EF00BDB1DC /* Release */ = {
			isa = XCBuildConfiguration;
			buildSettings = {
				ALWAYS_SEARCH_USER_PATHS = NO;
				CLANG_ANALYZER_NONNULL = YES;
				CLANG_CXX_LANGUAGE_STANDARD = "gnu++0x";
				CLANG_CXX_LIBRARY = "libc++";
				CLANG_ENABLE_MODULES = YES;
				CLANG_ENABLE_OBJC_ARC = YES;
				CLANG_WARN_BOOL_CONVERSION = YES;
				CLANG_WARN_CONSTANT_CONVERSION = YES;
				CLANG_WARN_DIRECT_OBJC_ISA_USAGE = YES_ERROR;
				CLANG_WARN_EMPTY_BODY = YES;
				CLANG_WARN_ENUM_CONVERSION = YES;
				CLANG_WARN_INT_CONVERSION = YES;
				CLANG_WARN_OBJC_ROOT_CLASS = YES_ERROR;
				CLANG_WARN_UNREACHABLE_CODE = YES;
				CLANG_WARN__DUPLICATE_METHOD_MATCH = YES;
				"CODE_SIGN_IDENTITY[sdk=iphoneos*]" = "iPhone Developer";
				COPY_PHASE_STRIP = NO;
				DEBUG_INFORMATION_FORMAT = "dwarf-with-dsym";
				ENABLE_NS_ASSERTIONS = NO;
				ENABLE_STRICT_OBJC_MSGSEND = YES;
				GCC_C_LANGUAGE_STANDARD = gnu99;
				GCC_NO_COMMON_BLOCKS = YES;
				GCC_WARN_64_TO_32_BIT_CONVERSION = YES;
				GCC_WARN_ABOUT_RETURN_TYPE = YES_ERROR;
				GCC_WARN_UNDECLARED_SELECTOR = YES;
				GCC_WARN_UNINITIALIZED_AUTOS = YES_AGGRESSIVE;
				GCC_WARN_UNUSED_FUNCTION = YES;
				GCC_WARN_UNUSED_VARIABLE = YES;
				IPHONEOS_DEPLOYMENT_TARGET = 9.3;
				MTL_ENABLE_DEBUG_INFO = NO;
				SDKROOT = iphoneos;
				VALIDATE_PRODUCT = YES;
			};
			name = Release;
		};
		425745061C8950EF00BDB1DC /* Debug */ = {
			isa = XCBuildConfiguration;
			buildSettings = {
				ASSETCATALOG_COMPILER_APPICON_NAME = AppIcon;
				INFOPLIST_FILE = UITableViewExperiments/Info.plist;
				LD_RUNPATH_SEARCH_PATHS = "$(inherited) @executable_path/Frameworks";
				PRODUCT_BUNDLE_IDENTIFIER = com.emptiness.UITableViewExperiments;
				PRODUCT_NAME = "$(TARGET_NAME)";
			};
			name = Debug;
		};
		425745071C8950EF00BDB1DC /* Release */ = {
			isa = XCBuildConfiguration;
			buildSettings = {
				ASSETCATALOG_COMPILER_APPICON_NAME = AppIcon;
				INFOPLIST_FILE = UITableViewExperiments/Info.plist;
				LD_RUNPATH_SEARCH_PATHS = "$(inherited) @executable_path/Frameworks";
				PRODUCT_BUNDLE_IDENTIFIER = com.emptiness.UITableViewExperiments;
				PRODUCT_NAME = "$(TARGET_NAME)";
			};
			name = Release;
		};
/* End XCBuildConfiguration section */

/* Begin XCConfigurationList section */
		425744EE1C8950EE00BDB1DC /* Build configuration list for PBXProject "UITableViewExperiments" */ = {
			isa = XCConfigurationList;
			buildConfigurations = (
				425745031C8950EF00BDB1DC /* Debug */,
				425745041C8950EF00BDB1DC /* Release */,
			);
			defaultConfigurationIsVisible = 0;
			defaultConfigurationName = Release;
		};
		425745051C8950EF00BDB1DC /* Build configuration list for PBXNativeTarget "UITableViewExperiments" */ = {
			isa = XCConfigurationList;
			buildConfigurations = (
				425745061C8950EF00BDB1DC /* Debug */,
				425745071C8950EF00BDB1DC /* Release */,
			);
			defaultConfigurationIsVisible = 0;
		};
/* End XCConfigurationList section */
	};
	rootObject = 425744EB1C8950EE00BDB1DC /* Project object */;
}
